
Microsoft Visual Studio Solution File, Format Version 12.00
# Visual Studio 15
VisualStudioVersion = 15.0.28307.902
MinimumVisualStudioVersion = 10.0.40219.1
Project("{FAE04EC0-301F-11D3-BF4B-00C04F79EFBC}") = "TweetBook-NetCore-REST API", "TweetBook-NetCore-REST API\TweetBook-NetCore-REST API.csproj", "{9F0109E7-44DD-453E-B136-13EDD9931D32}"
EndProject
Global
	GlobalSection(SolutionConfigurationPlatforms) = preSolution
		Debug|Any CPU = Debug|Any CPU
		Release|Any CPU = Release|Any CPU
	EndGlobalSection
	GlobalSection(ProjectConfigurationPlatforms) = postSolution
		{9F0109E7-44DD-453E-B136-13EDD9931D32}.Debug|Any CPU.ActiveCfg = Debug|Any CPU
		{9F0109E7-44DD-453E-B136-13EDD9931D32}.Debug|Any CPU.Build.0 = Debug|Any CPU
		{9F0109E7-44DD-453E-B136-13EDD9931D32}.Release|Any CPU.ActiveCfg = Release|Any CPU
		{9F0109E7-44DD-453E-B136-13EDD9931D32}.Release|Any CPU.Build.0 = Release|Any CPU
	EndGlobalSection
	GlobalSection(SolutionProperties) = preSolution
		HideSolutionNode = FALSE
	EndGlobalSection
	GlobalSection(ExtensibilityGlobals) = postSolution
		SolutionGuid = {6E9D5BDB-ECB2-47BC-A8B5-FE576F9064CA}
	EndGlobalSection
EndGlobal
